
Microsoft Visual Studio Solution File, Format Version 12.00
# Visual Studio Version 17
VisualStudioVersion = 17.14.37012.4
MinimumVisualStudioVersion = 10.0.40219.1
Project("{FAE04EC0-301F-11D3-BF4B-00C04F79EFBC}") = "bupa_cart_app", "src\app\bupa_cart_app.csproj", "{DADDEFB0-2ED8-1205-74CF-A67D079ABB1F}"
EndProject
Project("{FAE04EC0-301F-11D3-BF4B-00C04F79EFBC}") = "CartTests", "src\test\CartTests\CartTests.csproj", "{C1661C56-560C-3240-31B4-E8D306563FBC}"
EndProject
Global
	GlobalSection(SolutionConfigurationPlatforms) = preSolution
		Debug|Any CPU = Debug|Any CPU
		Release|Any CPU = Release|Any CPU
	EndGlobalSection
	GlobalSection(ProjectConfigurationPlatforms) = postSolution
		{DADDEFB0-2ED8-1205-74CF-A67D079ABB1F}.Debug|Any CPU.ActiveCfg = Debug|Any CPU
		{DADDEFB0-2ED8-1205-74CF-A67D079ABB1F}.Debug|Any CPU.Build.0 = Debug|Any CPU
		{DADDEFB0-2ED8-1205-74CF-A67D079ABB1F}.Release|Any CPU.ActiveCfg = Release|Any CPU
		{DADDEFB0-2ED8-1205-74CF-A67D079ABB1F}.Release|Any CPU.Build.0 = Release|Any CPU
		{C1661C56-560C-3240-31B4-E8D306563FBC}.Debug|Any CPU.ActiveCfg = Debug|Any CPU
		{C1661C56-560C-3240-31B4-E8D306563FBC}.Debug|Any CPU.Build.0 = Debug|Any CPU
		{C1661C56-560C-3240-31B4-E8D306563FBC}.Release|Any CPU.ActiveCfg = Release|Any CPU
		{C1661C56-560C-3240-31B4-E8D306563FBC}.Release|Any CPU.Build.0 = Release|Any CPU
	EndGlobalSection
	GlobalSection(SolutionProperties) = preSolution
		HideSolutionNode = FALSE
	EndGlobalSection
	GlobalSection(ExtensibilityGlobals) = postSolution
		SolutionGuid = {764C32A3-6178-4F3D-880C-76F257CF9252}
	EndGlobalSection
EndGlobal
